// !$*UTF8*$!
{
	archiveVersion = 1;
	classes = {
	};
	objectVersion = 50;
	objects = {

/* Begin PBXBuildFile section */
		AECC51B52656FAA300F1B5E3 /* AppDelegate.swift in Sources */ = {isa = PBXBuildFile; fileRef = AECC51B42656FAA300F1B5E3 /* AppDelegate.swift */; };
		AECC51B72656FAA300F1B5E3 /* SceneDelegate.swift in Sources */ = {isa = PBXBuildFile; fileRef = AECC51B62656FAA300F1B5E3 /* SceneDelegate.swift */; };
		AECC51B92656FAA300F1B5E3 /* ViewController.swift in Sources */ = {isa = PBXBuildFile; fileRef = AECC51B82656FAA300F1B5E3 /* ViewController.swift */; };
		AECC51BC2656FAA300F1B5E3 /* Main.storyboard in Resources */ = {isa = PBXBuildFile; fileRef = AECC51BA2656FAA300F1B5E3 /* Main.storyboard */; };
		AECC51BE2656FAA300F1B5E3 /* Assets.xcassets in Resources */ = {isa = PBXBuildFile; fileRef = AECC51BD2656FAA300F1B5E3 /* Assets.xcassets */; };
		AECC51C12656FAA300F1B5E3 /* LaunchScreen.storyboard in Resources */ = {isa = PBXBuildFile; fileRef = AECC51BF2656FAA300F1B5E3 /* LaunchScreen.storyboard */; };
/* End PBXBuildFile section */

/* Begin PBXFileReference section */
		AECC51B12656FAA300F1B5E3 /* SnapshotTestFailures.app */ = {isa = PBXFileReference; explicitFileType = wrapper.application; includeInIndex = 0; path = SnapshotTestFailures.app; sourceTree = BUILT_PRODUCTS_DIR; };
		AECC51B42656FAA300F1B5E3 /* AppDelegate.swift */ = {isa = PBXFileReference; lastKnownFileType = sourcecode.swift; path = AppDelegate.swift; sourceTree = "<group>"; };
		AECC51B62656FAA300F1B5E3 /* SceneDelegate.swift */ = {isa = PBXFileReference; lastKnownFileType = sourcecode.swift; path = SceneDelegate.swift; sourceTree = "<group>"; };
		AECC51B82656FAA300F1B5E3 /* ViewController.swift */ = {isa = PBXFileReference; lastKnownFileType = sourcecode.swift; path = ViewController.swift; sourceTree = "<group>"; };
		AECC51BB2656FAA300F1B5E3 /* Base */ = {isa = PBXFileReference; lastKnownFileType = file.storyboard; name = Base; path = Base.lproj/Main.storyboard; sourceTree = "<group>"; };
		AECC51BD2656FAA300F1B5E3 /* Assets.xcassets */ = {isa = PBXFileReference; lastKnownFileType = folder.assetcatalog; path = Assets.xcassets; sourceTree = "<group>"; };
		AECC51C02656FAA300F1B5E3 /* Base */ = {isa = PBXFileReference; lastKnownFileType = file.storyboard; name = Base; path = Base.lproj/LaunchScreen.storyboard; sourceTree = "<group>"; };
		AECC51C22656FAA300F1B5E3 /* Info.plist */ = {isa = PBXFileReference; lastKnownFileType = text.plist.xml; path = Info.plist; sourceTree = "<group>"; };
/* End PBXFileReference section */

/* Begin PBXFrameworksBuildPhase section */
		AECC51AE2656FAA200F1B5E3 /* Frameworks */ = {
			isa = PBXFrameworksBuildPhase;
			buildActionMask = 2147483647;
			files = (
			);
			runOnlyForDeploymentPostprocessing = 0;
		};
/* End PBXFrameworksBuildPhase section */

/* Begin PBXGroup section */
		AECC51A82656FAA200F1B5E3 = {
			isa = PBXGroup;
			children = (
				AECC51B32656FAA300F1B5E3 /* SnapshotTestFailures */,
				AECC51B22656FAA300F1B5E3 /* Products */,
			);
			sourceTree = "<group>";
		};
		AECC51B22656FAA300F1B5E3 /* Products */ = {
			isa = PBXGroup;
			children = (
				AECC51B12656FAA300F1B5E3 /* SnapshotTestFailures.app */,
			);
			name = Products;
			sourceTree = "<group>";
		};
		AECC51B32656FAA300F1B5E3 /* SnapshotTestFailures */ = {
			isa = PBXGroup;
			children = (
				AECC51B42656FAA300F1B5E3 /* AppDelegate.swift */,
				AECC51B62656FAA300F1B5E3 /* SceneDelegate.swift */,
				AECC51B82656FAA300F1B5E3 /* ViewController.swift */,
				AECC51BA2656FAA300F1B5E3 /* Main.storyboard */,
				AECC51BD2656FAA300F1B5E3 /* Assets.xcassets */,
				AECC51BF2656FAA300F1B5E3 /* LaunchScreen.storyboard */,
				AECC51C22656FAA300F1B5E3 /* Info.plist */,
			);
			path = SnapshotTestFailures;
			sourceTree = "<group>";
		};
/* End PBXGroup section */

/* Begin PBXNativeTarget section */
		AECC51B02656FAA200F1B5E3 /* SnapshotTestFailures */ = {
			isa = PBXNativeTarget;
			buildConfigurationList = AECC51C52656FAA300F1B5E3 /* Build configuration list for PBXNativeTarget "SnapshotTestFailures" */;
			buildPhases = (
				AECC51AD2656FAA200F1B5E3 /* Sources */,
				AECC51AE2656FAA200F1B5E3 /* Frameworks */,
				AECC51AF2656FAA200F1B5E3 /* Resources */,
			);
			buildRules = (
			);
			dependencies = (
			);
			name = SnapshotTestFailures;
			productName = SnapshotTestFailures;
			productReference = AECC51B12656FAA300F1B5E3 /* SnapshotTestFailures.app */;
			productType = "com.apple.product-type.application";
		};
/* End PBXNativeTarget section */

/* Begin PBXProject section */
		AECC51A92656FAA200F1B5E3 /* Project object */ = {
			isa = PBXProject;
			attributes = {
				LastSwiftUpdateCheck = 1250;
				LastUpgradeCheck = 1250;
				TargetAttributes = {
					AECC51B02656FAA200F1B5E3 = {
						CreatedOnToolsVersion = 12.5;
					};
				};
			};
			buildConfigurationList = AECC51AC2656FAA200F1B5E3 /* Build configuration list for PBXProject "SnapshotTestFailures" */;
			compatibilityVersion = "Xcode 9.3";
			developmentRegion = en;
			hasScannedForEncodings = 0;
			knownRegions = (
				en,
				Base,
			);
			mainGroup = AECC51A82656FAA200F1B5E3;
			productRefGroup = AECC51B22656FAA300F1B5E3 /* Products */;
			projectDirPath = "";
			projectRoot = "";
			targets = (
				AECC51B02656FAA200F1B5E3 /* SnapshotTestFailures */,
			);
		};
/* End PBXProject section */

/* Begin PBXResourcesBuildPhase section */
		AECC51AF2656FAA200F1B5E3 /* Resources */ = {
			isa = PBXResourcesBuildPhase;
			buildActionMask = 2147483647;
			files = (
				AECC51C12656FAA300F1B5E3 /* LaunchScreen.storyboard in Resources */,
				AECC51BE2656FAA300F1B5E3 /* Assets.xcassets in Resources */,
				AECC51BC2656FAA300F1B5E3 /* Main.storyboard in Resources */,
			);
			runOnlyForDeploymentPostprocessing = 0;
		};
/* End PBXResourcesBuildPhase section */

/* Begin PBXSourcesBuildPhase section */
		AECC51AD2656FAA200F1B5E3 /* Sources */ = {
			isa = PBXSourcesBuildPhase;
			buildActionMask = 2147483647;
			files = (
				AECC51B92656FAA300F1B5E3 /* ViewController.swift in Sources */,
				AECC51B52656FAA300F1B5E3 /* AppDelegate.swift in Sources */,
				AECC51B72656FAA300F1B5E3 /* SceneDelegate.swift in Sources */,
			);
			runOnlyForDeploymentPostprocessing = 0;
		};
/* End PBXSourcesBuildPhase section */

/* Begin PBXVariantGroup section */
		AECC51BA2656FAA300F1B5E3 /* Main.storyboard */ = {
			isa = PBXVariantGroup;
			children = (
				AECC51BB2656FAA300F1B5E3 /* Base */,
			);
			name = Main.storyboard;
			sourceTree = "<group>";
		};
		AECC51BF2656FAA300F1B5E3 /* LaunchScreen.storyboard */ = {
			isa = PBXVariantGroup;
			children = (
				AECC51C02656FAA300F1B5E3 /* Base */,
			);
			name = LaunchScreen.storyboard;
			sourceTree = "<group>";
		};
/* End PBXVariantGroup section */

/* Begin XCBuildConfiguration section */
		AECC51C32656FAA300F1B5E3 /* Debug */ = {
			isa = XCBuildConfiguration;
			buildSettings = {
				ALWAYS_SEARCH_USER_PATHS = NO;
				CLANG_ANALYZER_NONNULL = YES;
				CLANG_ANALYZER_NUMBER_OBJECT_CONVERSION = YES_AGGRESSIVE;
				CLANG_CXX_LANGUAGE_STANDARD = "gnu++14";
				CLANG_CXX_LIBRARY = "libc++";
				CLANG_ENABLE_MODULES = YES;
				CLANG_ENABLE_OBJC_ARC = YES;
				CLANG_ENABLE_OBJC_WEAK = YES;
				CLANG_WARN_BLOCK_CAPTURE_AUTORELEASING = YES;
				CLANG_WARN_BOOL_CONVERSION = YES;
				CLANG_WARN_COMMA = YES;
				CLANG_WARN_CONSTANT_CONVERSION = YES;
				CLANG_WARN_DEPRECATED_OBJC_IMPLEMENTATIONS = YES;
				CLANG_WARN_DIRECT_OBJC_ISA_USAGE = YES_ERROR;
				CLANG_WARN_DOCUMENTATION_COMMENTS = YES;
				CLANG_WARN_EMPTY_BODY = YES;
				CLANG_WARN_ENUM_CONVERSION = YES;
				CLANG_WARN_INFINITE_RECURSION = YES;
				CLANG_WARN_INT_CONVERSION = YES;
				CLANG_WARN_NON_LITERAL_NULL_CONVERSION = YES;
				CLANG_WARN_OBJC_IMPLICIT_RETAIN_SELF = YES;
				CLANG_WARN_OBJC_LITERAL_CONVERSION = YES;
				CLANG_WARN_OBJC_ROOT_CLASS = YES_ERROR;
				CLANG_WARN_QUOTED_INCLUDE_IN_FRAMEWORK_HEADER = YES;
				CLANG_WARN_RANGE_LOOP_ANALYSIS = YES;
				CLANG_WARN_STRICT_PROTOTYPES = YES;
				CLANG_WARN_SUSPICIOUS_MOVE = YES;
				CLANG_WARN_UNGUARDED_AVAILABILITY = YES_AGGRESSIVE;
				CLANG_WARN_UNREACHABLE_CODE = YES;
				CLANG_WARN__DUPLICATE_METHOD_MATCH = YES;
				COPY_PHASE_STRIP = NO;
				DEBUG_INFORMATION_FORMAT = dwarf;
				ENABLE_STRICT_OBJC_MSGSEND = YES;
				ENABLE_TESTABILITY = YES;
				GCC_C_LANGUAGE_STANDARD = gnu11;
				GCC_DYNAMIC_NO_PIC = NO;
				GCC_NO_COMMON_BLOCKS = YES;
				GCC_OPTIMIZATION_LEVEL = 0;
				GCC_PREPROCESSOR_DEFINITIONS = (
					"DEBUG=1",
					"$(inherited)",
				);
				GCC_WARN_64_TO_32_BIT_CONVERSION = YES;
				GCC_WARN_ABOUT_RETURN_TYPE = YES_ERROR;
				GCC_WARN_UNDECLARED_SELECTOR = YES;
				GCC_WARN_UNINITIALIZED_AUTOS = YES_AGGRESSIVE;
				GCC_WARN_UNUSED_FUNCTION = YES;
				GCC_WARN_UNUSED_VARIABLE = YES;
				IPHONEOS_DEPLOYMENT_TARGET = 14.5;
				MTL_ENABLE_DEBUG_INFO = INCLUDE_SOURCE;
				MTL_FAST_MATH = YES;
				ONLY_ACTIVE_ARCH = YES;
				SDKROOT = iphoneos;
				SWIFT_ACTIVE_COMPILATION_CONDITIONS = DEBUG;
				SWIFT_OPTIMIZATION_LEVEL = "-Onone";
			};
			name = Debug;
		};
		AECC51C42656FAA300F1B5E3 /* Release */ = {
			isa = XCBuildConfiguration;
			buildSettings = {
				ALWAYS_SEARCH_USER_PATHS = NO;
				CLANG_ANALYZER_NONNULL = YES;
				CLANG_ANALYZER_NUMBER_OBJECT_CONVERSION = YES_AGGRESSIVE;
				CLANG_CXX_LANGUAGE_STANDARD = "gnu++14";
				CLANG_CXX_LIBRARY = "libc++";
				CLANG_ENABLE_MODULES = YES;
				CLANG_ENABLE_OBJC_ARC = YES;
				CLANG_ENABLE_OBJC_WEAK = YES;
				CLANG_WARN_BLOCK_CAPTURE_AUTORELEASING = YES;
				CLANG_WARN_BOOL_CONVERSION = YES;
				CLANG_WARN_COMMA = YES;
				CLANG_WARN_CONSTANT_CONVERSION = YES;
				CLANG_WARN_DEPRECATED_OBJC_IMPLEMENTATIONS = YES;
				CLANG_WARN_DIRECT_OBJC_ISA_USAGE = YES_ERROR;
				CLANG_WARN_DOCUMENTATION_COMMENTS = YES;
				CLANG_WARN_EMPTY_BODY = YES;
				CLANG_WARN_ENUM_CONVERSION = YES;
				CLANG_WARN_INFINITE_RECURSION = YES;
				CLANG_WARN_INT_CONVERSION = YES;
				CLANG_WARN_NON_LITERAL_NULL_CONVERSION = YES;
				CLANG_WARN_OBJC_IMPLICIT_RETAIN_SELF = YES;
				CLANG_WARN_OBJC_LITERAL_CONVERSION = YES;
				CLANG_WARN_OBJC_ROOT_CLASS = YES_ERROR;
				CLANG_WARN_QUOTED_INCLUDE_IN_FRAMEWORK_HEADER = YES;
				CLANG_WARN_RANGE_LOOP_ANALYSIS = YES;
				CLANG_WARN_STRICT_PROTOTYPES = YES;
				CLANG_WARN_SUSPICIOUS_MOVE = YES;
				CLANG_WARN_UNGUARDED_AVAILABILITY = YES_AGGRESSIVE;
				CLANG_WARN_UNREACHABLE_CODE = YES;
				CLANG_WARN__DUPLICATE_METHOD_MATCH = YES;
				COPY_PHASE_STRIP = NO;
				DEBUG_INFORMATION_FORMAT = "dwarf-with-dsym";
				ENABLE_NS_ASSERTIONS = NO;
				ENABLE_STRICT_OBJC_MSGSEND = YES;
				GCC_C_LANGUAGE_STANDARD = gnu11;
				GCC_NO_COMMON_BLOCKS = YES;
				GCC_WARN_64_TO_32_BIT_CONVERSION = YES;
				GCC_WARN_ABOUT_RETURN_TYPE = YES_ERROR;
				GCC_WARN_UNDECLARED_SELECTOR = YES;
				GCC_WARN_UNINITIALIZED_AUTOS = YES_AGGRESSIVE;
				GCC_WARN_UNUSED_FUNCTION = YES;
				GCC_WARN_UNUSED_VARIABLE = YES;
				IPHONEOS_DEPLOYMENT_TARGET = 14.5;
				MTL_ENABLE_DEBUG_INFO = NO;
				MTL_FAST_MATH = YES;
				SDKROOT = iphoneos;
				SWIFT_COMPILATION_MODE = wholemodule;
				SWIFT_OPTIMIZATION_LEVEL = "-O";
				VALIDATE_PRODUCT = YES;
			};
			name = Release;
		};
		AECC51C62656FAA300F1B5E3 /* Debug */ = {
			isa = XCBuildConfiguration;
			buildSettings = {
				ASSETCATALOG_COMPILER_APPICON_NAME = AppIcon;
				ASSETCATALOG_COMPILER_GLOBAL_ACCENT_COLOR_NAME = AccentColor;
				CODE_SIGN_STYLE = Automatic;
				DEVELOPMENT_TEAM = L3YMK7ENYC;
				INFOPLIST_FILE = SnapshotTestFailures/Info.plist;
				LD_RUNPATH_SEARCH_PATHS = (
					"$(inherited)",
					"@executable_path/Frameworks",
				);
				PRODUCT_BUNDLE_IDENTIFIER = "de.yannic-borgfeld.SnapshotTestFailures";
				PRODUCT_NAME = "$(TARGET_NAME)";
				SWIFT_VERSION = 5.0;
				TARGETED_DEVICE_FAMILY = "1,2";
			};
			name = Debug;
		};
		AECC51C72656FAA300F1B5E3 /* Release */ = {
			isa = XCBuildConfiguration;
			buildSettings = {
				ASSETCATALOG_COMPILER_APPICON_NAME = AppIcon;
				ASSETCATALOG_COMPILER_GLOBAL_ACCENT_COLOR_NAME = AccentColor;
				CODE_SIGN_STYLE = Automatic;
				DEVELOPMENT_TEAM = L3YMK7ENYC;
				INFOPLIST_FILE = SnapshotTestFailures/Info.plist;
				LD_RUNPATH_SEARCH_PATHS = (
					"$(inherited)",
					"@executable_path/Frameworks",
				);
				PRODUCT_BUNDLE_IDENTIFIER = "de.yannic-borgfeld.SnapshotTestFailures";
				PRODUCT_NAME = "$(TARGET_NAME)";
				SWIFT_VERSION = 5.0;
				TARGETED_DEVICE_FAMILY = "1,2";
			};
			name = Release;
		};
/* End XCBuildConfiguration section */

/* Begin XCConfigurationList section */
		AECC51AC2656FAA200F1B5E3 /* Build configuration list for PBXProject "SnapshotTestFailures" */ = {
			isa = XCConfigurationList;
			buildConfigurations = (
				AECC51C32656FAA300F1B5E3 /* Debug */,
				AECC51C42656FAA300F1B5E3 /* Release */,
			);
			defaultConfigurationIsVisible = 0;
			defaultConfigurationName = Release;
		};
		AECC51C52656FAA300F1B5E3 /* Build configuration list for PBXNativeTarget "SnapshotTestFailures" */ = {
			isa = XCConfigurationList;
			buildConfigurations = (
				AECC51C62656FAA300F1B5E3 /* Debug */,
				AECC51C72656FAA300F1B5E3 /* Release */,
			);
			defaultConfigurationIsVisible = 0;
			defaultConfigurationName = Release;
		};
/* End XCConfigurationList section */
	};
	rootObject = AECC51A92656FAA200F1B5E3 /* Project object */;
}
